// !$*UTF8*$!
{
	archiveVersion = 1;
	classes = {
	};
	objectVersion = 56;
	objects = {

/* Begin PBXBuildFile section */
		085F75F6295D2046000D7BF6 /* chat_bot_firebaseApp.swift in Sources */ = {isa = PBXBuildFile; fileRef = 085F75F5295D2046000D7BF6 /* chat_bot_firebaseApp.swift */; };
		085F75F8295D2046000D7BF6 /* ContentView.swift in Sources */ = {isa = PBXBuildFile; fileRef = 085F75F7295D2046000D7BF6 /* ContentView.swift */; };
		085F75FA295D2049000D7BF6 /* Assets.xcassets in Resources */ = {isa = PBXBuildFile; fileRef = 085F75F9295D2049000D7BF6 /* Assets.xcassets */; };
		085F75FD295D2049000D7BF6 /* Preview Assets.xcassets in Resources */ = {isa = PBXBuildFile; fileRef = 085F75FC295D2049000D7BF6 /* Preview Assets.xcassets */; };
		085F7605295D21D8000D7BF6 /* FirebaseFirestore in Frameworks */ = {isa = PBXBuildFile; productRef = 085F7604295D21D8000D7BF6 /* FirebaseFirestore */; };
		085F7607295D21D8000D7BF6 /* FirebaseFirestoreSwift in Frameworks */ = {isa = PBXBuildFile; productRef = 085F7606295D21D8000D7BF6 /* FirebaseFirestoreSwift */; };
		085F7609295D21F6000D7BF6 /* GoogleService-Info.plist in Resources */ = {isa = PBXBuildFile; fileRef = 085F7608295D21F6000D7BF6 /* GoogleService-Info.plist */; };
		085F760E295D22A5000D7BF6 /* Message.swift in Sources */ = {isa = PBXBuildFile; fileRef = 085F760D295D22A5000D7BF6 /* Message.swift */; };
		085F7610295D22BE000D7BF6 /* Header.swift in Sources */ = {isa = PBXBuildFile; fileRef = 085F760F295D22BE000D7BF6 /* Header.swift */; };
		085F7612295D22C9000D7BF6 /* MessageBubble.swift in Sources */ = {isa = PBXBuildFile; fileRef = 085F7611295D22C9000D7BF6 /* MessageBubble.swift */; };
		085F7614295D22D7000D7BF6 /* MessageField.swift in Sources */ = {isa = PBXBuildFile; fileRef = 085F7613295D22D7000D7BF6 /* MessageField.swift */; };
		085F7616295D22F0000D7BF6 /* Extensions.swift in Sources */ = {isa = PBXBuildFile; fileRef = 085F7615295D22F0000D7BF6 /* Extensions.swift */; };
		085F7618295D22FC000D7BF6 /* MessagesManager.swift in Sources */ = {isa = PBXBuildFile; fileRef = 085F7617295D22FC000D7BF6 /* MessagesManager.swift */; };
/* End PBXBuildFile section */

/* Begin PBXFileReference section */
		085F75F2295D2046000D7BF6 /* chat-bot-firebase.app */ = {isa = PBXFileReference; explicitFileType = wrapper.application; includeInIndex = 0; path = "chat-bot-firebase.app"; sourceTree = BUILT_PRODUCTS_DIR; };
		085F75F5295D2046000D7BF6 /* chat_bot_firebaseApp.swift */ = {isa = PBXFileReference; lastKnownFileType = sourcecode.swift; path = chat_bot_firebaseApp.swift; sourceTree = "<group>"; };
		085F75F7295D2046000D7BF6 /* ContentView.swift */ = {isa = PBXFileReference; lastKnownFileType = sourcecode.swift; path = ContentView.swift; sourceTree = "<group>"; };
		085F75F9295D2049000D7BF6 /* Assets.xcassets */ = {isa = PBXFileReference; lastKnownFileType = folder.assetcatalog; path = Assets.xcassets; sourceTree = "<group>"; };
		085F75FC295D2049000D7BF6 /* Preview Assets.xcassets */ = {isa = PBXFileReference; lastKnownFileType = folder.assetcatalog; path = "Preview Assets.xcassets"; sourceTree = "<group>"; };
		085F7608295D21F6000D7BF6 /* GoogleService-Info.plist */ = {isa = PBXFileReference; fileEncoding = 4; lastKnownFileType = text.plist.xml; name = "GoogleService-Info.plist"; path = "../../../Downloads/GoogleService-Info.plist"; sourceTree = "<group>"; };
		085F760C295D229B000D7BF6 /* GoogleService-Info.plist */ = {isa = PBXFileReference; lastKnownFileType = text.plist.xml; path = "GoogleService-Info.plist"; sourceTree = "<group>"; };
		085F760D295D22A5000D7BF6 /* Message.swift */ = {isa = PBXFileReference; lastKnownFileType = sourcecode.swift; path = Message.swift; sourceTree = "<group>"; };
		085F760F295D22BE000D7BF6 /* Header.swift */ = {isa = PBXFileReference; lastKnownFileType = sourcecode.swift; name = Header.swift; path = "chat-bot-firebase/Models/Header.swift"; sourceTree = SOURCE_ROOT; };
		085F7611295D22C9000D7BF6 /* MessageBubble.swift */ = {isa = PBXFileReference; lastKnownFileType = sourcecode.swift; name = MessageBubble.swift; path = "chat-bot-firebase/Models/MessageBubble.swift"; sourceTree = SOURCE_ROOT; };
		085F7613295D22D7000D7BF6 /* MessageField.swift */ = {isa = PBXFileReference; lastKnownFileType = sourcecode.swift; name = MessageField.swift; path = "chat-bot-firebase/Models/MessageField.swift"; sourceTree = SOURCE_ROOT; };
		085F7615295D22F0000D7BF6 /* Extensions.swift */ = {isa = PBXFileReference; lastKnownFileType = sourcecode.swift; path = Extensions.swift; sourceTree = "<group>"; };
		085F7617295D22FC000D7BF6 /* MessagesManager.swift */ = {isa = PBXFileReference; lastKnownFileType = sourcecode.swift; path = MessagesManager.swift; sourceTree = "<group>"; };
/* End PBXFileReference section */

/* Begin PBXFrameworksBuildPhase section */
		085F75EF295D2046000D7BF6 /* Frameworks */ = {
			isa = PBXFrameworksBuildPhase;
			buildActionMask = 2147483647;
			files = (
				085F7605295D21D8000D7BF6 /* FirebaseFirestore in Frameworks */,
				085F7607295D21D8000D7BF6 /* FirebaseFirestoreSwift in Frameworks */,
			);
			runOnlyForDeploymentPostprocessing = 0;
		};
/* End PBXFrameworksBuildPhase section */

/* Begin PBXGroup section */
		085F75E9295D2046000D7BF6 = {
			isa = PBXGroup;
			children = (
				085F7608295D21F6000D7BF6 /* GoogleService-Info.plist */,
				085F75F4295D2046000D7BF6 /* chat-bot-firebase */,
				085F75F3295D2046000D7BF6 /* Products */,
			);
			sourceTree = "<group>";
		};
		085F75F3295D2046000D7BF6 /* Products */ = {
			isa = PBXGroup;
			children = (
				085F75F2295D2046000D7BF6 /* chat-bot-firebase.app */,
			);
			name = Products;
			sourceTree = "<group>";
		};
		085F75F4295D2046000D7BF6 /* chat-bot-firebase */ = {
			isa = PBXGroup;
			children = (
				085F760C295D229B000D7BF6 /* GoogleService-Info.plist */,
				085F760B295D227E000D7BF6 /* Models */,
				085F760A295D21FE000D7BF6 /* Components */,
				085F75F5295D2046000D7BF6 /* chat_bot_firebaseApp.swift */,
				085F75F7295D2046000D7BF6 /* ContentView.swift */,
				085F75F9295D2049000D7BF6 /* Assets.xcassets */,
				085F75FB295D2049000D7BF6 /* Preview Content */,
				085F7615295D22F0000D7BF6 /* Extensions.swift */,
				085F7617295D22FC000D7BF6 /* MessagesManager.swift */,
			);
			path = "chat-bot-firebase";
			sourceTree = "<group>";
		};
		085F75FB295D2049000D7BF6 /* Preview Content */ = {
			isa = PBXGroup;
			children = (
				085F75FC295D2049000D7BF6 /* Preview Assets.xcassets */,
			);
			path = "Preview Content";
			sourceTree = "<group>";
		};
		085F760A295D21FE000D7BF6 /* Components */ = {
			isa = PBXGroup;
			children = (
				085F760F295D22BE000D7BF6 /* Header.swift */,
				085F7611295D22C9000D7BF6 /* MessageBubble.swift */,
				085F7613295D22D7000D7BF6 /* MessageField.swift */,
			);
			path = Components;
			sourceTree = "<group>";
		};
		085F760B295D227E000D7BF6 /* Models */ = {
			isa = PBXGroup;
			children = (
				085F760D295D22A5000D7BF6 /* Message.swift */,
			);
			path = Models;
			sourceTree = "<group>";
		};
/* End PBXGroup section */

/* Begin PBXNativeTarget section */
		085F75F1295D2046000D7BF6 /* chat-bot-firebase */ = {
			isa = PBXNativeTarget;
			buildConfigurationList = 085F7600295D2049000D7BF6 /* Build configuration list for PBXNativeTarget "chat-bot-firebase" */;
			buildPhases = (
				085F75EE295D2046000D7BF6 /* Sources */,
				085F75EF295D2046000D7BF6 /* Frameworks */,
				085F75F0295D2046000D7BF6 /* Resources */,
			);
			buildRules = (
			);
			dependencies = (
			);
			name = "chat-bot-firebase";
			packageProductDependencies = (
				085F7604295D21D8000D7BF6 /* FirebaseFirestore */,
				085F7606295D21D8000D7BF6 /* FirebaseFirestoreSwift */,
			);
			productName = "chat-bot-firebase";
			productReference = 085F75F2295D2046000D7BF6 /* chat-bot-firebase.app */;
			productType = "com.apple.product-type.application";
		};
/* End PBXNativeTarget section */

/* Begin PBXProject section */
		085F75EA295D2046000D7BF6 /* Project object */ = {
			isa = PBXProject;
			attributes = {
				BuildIndependentTargetsInParallel = 1;
				LastSwiftUpdateCheck = 1410;
				LastUpgradeCheck = 1410;
				TargetAttributes = {
					085F75F1295D2046000D7BF6 = {
						CreatedOnToolsVersion = 14.1;
					};
				};
			};
			buildConfigurationList = 085F75ED295D2046000D7BF6 /* Build configuration list for PBXProject "chat-bot-firebase" */;
			compatibilityVersion = "Xcode 14.0";
			developmentRegion = en;
			hasScannedForEncodings = 0;
			knownRegions = (
				en,
				Base,
			);
			mainGroup = 085F75E9295D2046000D7BF6;
			packageReferences = (
				085F7603295D21D8000D7BF6 /* XCRemoteSwiftPackageReference "firebase-ios-sdk" */,
			);
			productRefGroup = 085F75F3295D2046000D7BF6 /* Products */;
			projectDirPath = "";
			projectRoot = "";
			targets = (
				085F75F1295D2046000D7BF6 /* chat-bot-firebase */,
			);
		};
/* End PBXProject section */

/* Begin PBXResourcesBuildPhase section */
		085F75F0295D2046000D7BF6 /* Resources */ = {
			isa = PBXResourcesBuildPhase;
			buildActionMask = 2147483647;
			files = (
				085F75FD295D2049000D7BF6 /* Preview Assets.xcassets in Resources */,
				085F75FA295D2049000D7BF6 /* Assets.xcassets in Resources */,
				085F7609295D21F6000D7BF6 /* GoogleService-Info.plist in Resources */,
			);
			runOnlyForDeploymentPostprocessing = 0;
		};
/* End PBXResourcesBuildPhase section */

/* Begin PBXSourcesBuildPhase section */
		085F75EE295D2046000D7BF6 /* Sources */ = {
			isa = PBXSourcesBuildPhase;
			buildActionMask = 2147483647;
			files = (
				085F7610295D22BE000D7BF6 /* Header.swift in Sources */,
				085F760E295D22A5000D7BF6 /* Message.swift in Sources */,
				085F7612295D22C9000D7BF6 /* MessageBubble.swift in Sources */,
				085F7618295D22FC000D7BF6 /* MessagesManager.swift in Sources */,
				085F75F8295D2046000D7BF6 /* ContentView.swift in Sources */,
				085F7614295D22D7000D7BF6 /* MessageField.swift in Sources */,
				085F75F6295D2046000D7BF6 /* chat_bot_firebaseApp.swift in Sources */,
				085F7616295D22F0000D7BF6 /* Extensions.swift in Sources */,
			);
			runOnlyForDeploymentPostprocessing = 0;
		};
/* End PBXSourcesBuildPhase section */

/* Begin XCBuildConfiguration section */
		085F75FE295D2049000D7BF6 /* Debug */ = {
			isa = XCBuildConfiguration;
			buildSettings = {
				ALWAYS_SEARCH_USER_PATHS = NO;
				CLANG_ANALYZER_NONNULL = YES;
				CLANG_ANALYZER_NUMBER_OBJECT_CONVERSION = YES_AGGRESSIVE;
				CLANG_CXX_LANGUAGE_STANDARD = "gnu++20";
				CLANG_ENABLE_MODULES = YES;
				CLANG_ENABLE_OBJC_ARC = YES;
				CLANG_ENABLE_OBJC_WEAK = YES;
				CLANG_WARN_BLOCK_CAPTURE_AUTORELEASING = YES;
				CLANG_WARN_BOOL_CONVERSION = YES;
				CLANG_WARN_COMMA = YES;
				CLANG_WARN_CONSTANT_CONVERSION = YES;
				CLANG_WARN_DEPRECATED_OBJC_IMPLEMENTATIONS = YES;
				CLANG_WARN_DIRECT_OBJC_ISA_USAGE = YES_ERROR;
				CLANG_WARN_DOCUMENTATION_COMMENTS = YES;
				CLANG_WARN_EMPTY_BODY = YES;
				CLANG_WARN_ENUM_CONVERSION = YES;
				CLANG_WARN_INFINITE_RECURSION = YES;
				CLANG_WARN_INT_CONVERSION = YES;
				CLANG_WARN_NON_LITERAL_NULL_CONVERSION = YES;
				CLANG_WARN_OBJC_IMPLICIT_RETAIN_SELF = YES;
				CLANG_WARN_OBJC_LITERAL_CONVERSION = YES;
				CLANG_WARN_OBJC_ROOT_CLASS = YES_ERROR;
				CLANG_WARN_QUOTED_INCLUDE_IN_FRAMEWORK_HEADER = YES;
				CLANG_WARN_RANGE_LOOP_ANALYSIS = YES;
				CLANG_WARN_STRICT_PROTOTYPES = YES;
				CLANG_WARN_SUSPICIOUS_MOVE = YES;
				CLANG_WARN_UNGUARDED_AVAILABILITY = YES_AGGRESSIVE;
				CLANG_WARN_UNREACHABLE_CODE = YES;
				CLANG_WARN__DUPLICATE_METHOD_MATCH = YES;
				COPY_PHASE_STRIP = NO;
				DEBUG_INFORMATION_FORMAT = dwarf;
				ENABLE_STRICT_OBJC_MSGSEND = YES;
				ENABLE_TESTABILITY = YES;
				GCC_C_LANGUAGE_STANDARD = gnu11;
				GCC_DYNAMIC_NO_PIC = NO;
				GCC_NO_COMMON_BLOCKS = YES;
				GCC_OPTIMIZATION_LEVEL = 0;
				GCC_PREPROCESSOR_DEFINITIONS = (
					"DEBUG=1",
					"$(inherited)",
				);
				GCC_WARN_64_TO_32_BIT_CONVERSION = YES;
				GCC_WARN_ABOUT_RETURN_TYPE = YES_ERROR;
				GCC_WARN_UNDECLARED_SELECTOR = YES;
				GCC_WARN_UNINITIALIZED_AUTOS = YES_AGGRESSIVE;
				GCC_WARN_UNUSED_FUNCTION = YES;
				GCC_WARN_UNUSED_VARIABLE = YES;
				IPHONEOS_DEPLOYMENT_TARGET = 16.1;
				MTL_ENABLE_DEBUG_INFO = INCLUDE_SOURCE;
				MTL_FAST_MATH = YES;
				ONLY_ACTIVE_ARCH = YES;
				SDKROOT = iphoneos;
				SWIFT_ACTIVE_COMPILATION_CONDITIONS = DEBUG;
				SWIFT_OPTIMIZATION_LEVEL = "-Onone";
			};
			name = Debug;
		};
		085F75FF295D2049000D7BF6 /* Release */ = {
			isa = XCBuildConfiguration;
			buildSettings = {
				ALWAYS_SEARCH_USER_PATHS = NO;
				CLANG_ANALYZER_NONNULL = YES;
				CLANG_ANALYZER_NUMBER_OBJECT_CONVERSION = YES_AGGRESSIVE;
				CLANG_CXX_LANGUAGE_STANDARD = "gnu++20";
				CLANG_ENABLE_MODULES = YES;
				CLANG_ENABLE_OBJC_ARC = YES;
				CLANG_ENABLE_OBJC_WEAK = YES;
				CLANG_WARN_BLOCK_CAPTURE_AUTORELEASING = YES;
				CLANG_WARN_BOOL_CONVERSION = YES;
				CLANG_WARN_COMMA = YES;
				CLANG_WARN_CONSTANT_CONVERSION = YES;
				CLANG_WARN_DEPRECATED_OBJC_IMPLEMENTATIONS = YES;
				CLANG_WARN_DIRECT_OBJC_ISA_USAGE = YES_ERROR;
				CLANG_WARN_DOCUMENTATION_COMMENTS = YES;
				CLANG_WARN_EMPTY_BODY = YES;
				CLANG_WARN_ENUM_CONVERSION = YES;
				CLANG_WARN_INFINITE_RECURSION = YES;
				CLANG_WARN_INT_CONVERSION = YES;
				CLANG_WARN_NON_LITERAL_NULL_CONVERSION = YES;
				CLANG_WARN_OBJC_IMPLICIT_RETAIN_SELF = YES;
				CLANG_WARN_OBJC_LITERAL_CONVERSION = YES;
				CLANG_WARN_OBJC_ROOT_CLASS = YES_ERROR;
				CLANG_WARN_QUOTED_INCLUDE_IN_FRAMEWORK_HEADER = YES;
				CLANG_WARN_RANGE_LOOP_ANALYSIS = YES;
				CLANG_WARN_STRICT_PROTOTYPES = YES;
				CLANG_WARN_SUSPICIOUS_MOVE = YES;
				CLANG_WARN_UNGUARDED_AVAILABILITY = YES_AGGRESSIVE;
				CLANG_WARN_UNREACHABLE_CODE = YES;
				CLANG_WARN__DUPLICATE_METHOD_MATCH = YES;
				COPY_PHASE_STRIP = NO;
				DEBUG_INFORMATION_FORMAT = "dwarf-with-dsym";
				ENABLE_NS_ASSERTIONS = NO;
				ENABLE_STRICT_OBJC_MSGSEND = YES;
				GCC_C_LANGUAGE_STANDARD = gnu11;
				GCC_NO_COMMON_BLOCKS = YES;
				GCC_WARN_64_TO_32_BIT_CONVERSION = YES;
				GCC_WARN_ABOUT_RETURN_TYPE = YES_ERROR;
				GCC_WARN_UNDECLARED_SELECTOR = YES;
				GCC_WARN_UNINITIALIZED_AUTOS = YES_AGGRESSIVE;
				GCC_WARN_UNUSED_FUNCTION = YES;
				GCC_WARN_UNUSED_VARIABLE = YES;
				IPHONEOS_DEPLOYMENT_TARGET = 16.1;
				MTL_ENABLE_DEBUG_INFO = NO;
				MTL_FAST_MATH = YES;
				SDKROOT = iphoneos;
				SWIFT_COMPILATION_MODE = wholemodule;
				SWIFT_OPTIMIZATION_LEVEL = "-O";
				VALIDATE_PRODUCT = YES;
			};
			name = Release;
		};
		085F7601295D2049000D7BF6 /* Debug */ = {
			isa = XCBuildConfiguration;
			buildSettings = {
				ASSETCATALOG_COMPILER_APPICON_NAME = AppIcon;
				ASSETCATALOG_COMPILER_GLOBAL_ACCENT_COLOR_NAME = AccentColor;
				CODE_SIGN_STYLE = Automatic;
				CURRENT_PROJECT_VERSION = 1;
				DEVELOPMENT_ASSET_PATHS = "\"chat-bot-firebase/Preview Content\"";
				DEVELOPMENT_TEAM = X9K6JNYR2N;
				ENABLE_PREVIEWS = YES;
				GENERATE_INFOPLIST_FILE = YES;
				INFOPLIST_KEY_UIApplicationSceneManifest_Generation = YES;
				INFOPLIST_KEY_UIApplicationSupportsIndirectInputEvents = YES;
				INFOPLIST_KEY_UILaunchScreen_Generation = YES;
				INFOPLIST_KEY_UISupportedInterfaceOrientations_iPad = "UIInterfaceOrientationPortrait UIInterfaceOrientationPortraitUpsideDown UIInterfaceOrientationLandscapeLeft UIInterfaceOrientationLandscapeRight";
				INFOPLIST_KEY_UISupportedInterfaceOrientations_iPhone = "UIInterfaceOrientationPortrait UIInterfaceOrientationLandscapeLeft UIInterfaceOrientationLandscapeRight";
				LD_RUNPATH_SEARCH_PATHS = (
					"$(inherited)",
					"@executable_path/Frameworks",
				);
				MARKETING_VERSION = 1.0;
				PRODUCT_BUNDLE_IDENTIFIER = "lecm.chat-bot-firebase";
				PRODUCT_NAME = "$(TARGET_NAME)";
				SWIFT_EMIT_LOC_STRINGS = YES;
				SWIFT_VERSION = 5.0;
				TARGETED_DEVICE_FAMILY = "1,2";
			};
			name = Debug;
		};
		085F7602295D2049000D7BF6 /* Release */ = {
			isa = XCBuildConfiguration;
			buildSettings = {
				ASSETCATALOG_COMPILER_APPICON_NAME = AppIcon;
				ASSETCATALOG_COMPILER_GLOBAL_ACCENT_COLOR_NAME = AccentColor;
				CODE_SIGN_STYLE = Automatic;
				CURRENT_PROJECT_VERSION = 1;
				DEVELOPMENT_ASSET_PATHS = "\"chat-bot-firebase/Preview Content\"";
				DEVELOPMENT_TEAM = X9K6JNYR2N;
				ENABLE_PREVIEWS = YES;
				GENERATE_INFOPLIST_FILE = YES;
				INFOPLIST_KEY_UIApplicationSceneManifest_Generation = YES;
				INFOPLIST_KEY_UIApplicationSupportsIndirectInputEvents = YES;
				INFOPLIST_KEY_UILaunchScreen_Generation = YES;
				INFOPLIST_KEY_UISupportedInterfaceOrientations_iPad = "UIInterfaceOrientationPortrait UIInterfaceOrientationPortraitUpsideDown UIInterfaceOrientationLandscapeLeft UIInterfaceOrientationLandscapeRight";
				INFOPLIST_KEY_UISupportedInterfaceOrientations_iPhone = "UIInterfaceOrientationPortrait UIInterfaceOrientationLandscapeLeft UIInterfaceOrientationLandscapeRight";
				LD_RUNPATH_SEARCH_PATHS = (
					"$(inherited)",
					"@executable_path/Frameworks",
				);
				MARKETING_VERSION = 1.0;
				PRODUCT_BUNDLE_IDENTIFIER = "lecm.chat-bot-firebase";
				PRODUCT_NAME = "$(TARGET_NAME)";
				SWIFT_EMIT_LOC_STRINGS = YES;
				SWIFT_VERSION = 5.0;
				TARGETED_DEVICE_FAMILY = "1,2";
			};
			name = Release;
		};
/* End XCBuildConfiguration section */

/* Begin XCConfigurationList section */
		085F75ED295D2046000D7BF6 /* Build configuration list for PBXProject "chat-bot-firebase" */ = {
			isa = XCConfigurationList;
			buildConfigurations = (
				085F75FE295D2049000D7BF6 /* Debug */,
				085F75FF295D2049000D7BF6 /* Release */,
			);
			defaultConfigurationIsVisible = 0;
			defaultConfigurationName = Release;
		};
		085F7600295D2049000D7BF6 /* Build configuration list for PBXNativeTarget "chat-bot-firebase" */ = {
			isa = XCConfigurationList;
			buildConfigurations = (
				085F7601295D2049000D7BF6 /* Debug */,
				085F7602295D2049000D7BF6 /* Release */,
			);
			defaultConfigurationIsVisible = 0;
			defaultConfigurationName = Release;
		};
/* End XCConfigurationList section */

/* Begin XCRemoteSwiftPackageReference section */
		085F7603295D21D8000D7BF6 /* XCRemoteSwiftPackageReference "firebase-ios-sdk" */ = {
			isa = XCRemoteSwiftPackageReference;
			repositoryURL = "https://github.com/firebase/firebase-ios-sdk";
			requirement = {
				kind = upToNextMajorVersion;
				minimumVersion = 9.0.0;
			};
		};
/* End XCRemoteSwiftPackageReference section */

/* Begin XCSwiftPackageProductDependency section */
		085F7604295D21D8000D7BF6 /* FirebaseFirestore */ = {
			isa = XCSwiftPackageProductDependency;
			package = 085F7603295D21D8000D7BF6 /* XCRemoteSwiftPackageReference "firebase-ios-sdk" */;
			productName = FirebaseFirestore;
		};
		085F7606295D21D8000D7BF6 /* FirebaseFirestoreSwift */ = {
			isa = XCSwiftPackageProductDependency;
			package = 085F7603295D21D8000D7BF6 /* XCRemoteSwiftPackageReference "firebase-ios-sdk" */;
			productName = FirebaseFirestoreSwift;
		};
/* End XCSwiftPackageProductDependency section */
	};
	rootObject = 085F75EA295D2046000D7BF6 /* Project object */;
}
